Microsoft Visual Studio Solution File, Format Version 12.00
# Visual Studio 2012
Project("{FAE04EC0-301F-11D3-BF4B-00C04F79EFBC}") = "snakebite", "snakebite.csproj", "{D47519DE-AA99-47B1-98D8-451DB41D3F86}"
EndProject
Global
	GlobalSection(SolutionConfigurationPlatforms) = preSolution
	Debug|Any CPU = Debug|Any CPU
	ExportDebug|Any CPU = ExportDebug|Any CPU
	ExportRelease|Any CPU = ExportRelease|Any CPU
	EndGlobalSection
	GlobalSection(ProjectConfigurationPlatforms) = postSolution
		{D47519DE-AA99-47B1-98D8-451DB41D3F86}.Debug|Any CPU.ActiveCfg = Debug|Any CPU
		{D47519DE-AA99-47B1-98D8-451DB41D3F86}.Debug|Any CPU.Build.0 = Debug|Any CPU
		{D47519DE-AA99-47B1-98D8-451DB41D3F86}.ExportDebug|Any CPU.ActiveCfg = ExportDebug|Any CPU
		{D47519DE-AA99-47B1-98D8-451DB41D3F86}.ExportDebug|Any CPU.Build.0 = ExportDebug|Any CPU
		{D47519DE-AA99-47B1-98D8-451DB41D3F86}.ExportRelease|Any CPU.ActiveCfg = ExportRelease|Any CPU
		{D47519DE-AA99-47B1-98D8-451DB41D3F86}.ExportRelease|Any CPU.Build.0 = ExportRelease|Any CPU
	EndGlobalSection
EndGlobal
